// !$*UTF8*$!
{
	archiveVersion = 1;
	classes = {
	};
	objectVersion = 50;
	objects = {

/* Begin PBXBuildFile section */
		04173C23226A093000DEB979 /* TableViewCell.swift in Sources */ = {isa = PBXBuildFile; fileRef = 04173C22226A093000DEB979 /* TableViewCell.swift */; };
		04173C26226B6D4900DEB979 /* History.storyboard in Resources */ = {isa = PBXBuildFile; fileRef = 04173C25226B6D4900DEB979 /* History.storyboard */; };
		04173C29226BA87E00DEB979 /* SegmentioBuilder.swift in Sources */ = {isa = PBXBuildFile; fileRef = 04173C28226BA87E00DEB979 /* SegmentioBuilder.swift */; };
		04173C2B226BA8F200DEB979 /* ColorPalette.swift in Sources */ = {isa = PBXBuildFile; fileRef = 04173C2A226BA8F200DEB979 /* ColorPalette.swift */; };
		04173C2D226BA9A600DEB979 /* UIFont+ExampleFonts.swift in Sources */ = {isa = PBXBuildFile; fileRef = 04173C2C226BA9A600DEB979 /* UIFont+ExampleFonts.swift */; };
		04173C2F226CC06200DEB979 /* TabCards.swift in Sources */ = {isa = PBXBuildFile; fileRef = 04173C2E226CC06200DEB979 /* TabCards.swift */; };
		04718CBC2261FD490094BB67 /* TabBarView.swift in Sources */ = {isa = PBXBuildFile; fileRef = 04718CBB2261FD490094BB67 /* TabBarView.swift */; };
		04718CC7226230260094BB67 /* UIColor.swift in Sources */ = {isa = PBXBuildFile; fileRef = 04718CC6226230260094BB67 /* UIColor.swift */; };
		04718CD122626AA60094BB67 /* Navigation.swift in Sources */ = {isa = PBXBuildFile; fileRef = 04718CD022626AA60094BB67 /* Navigation.swift */; };
		0495D9BB225A6144001CFB2A /* AppDelegate.swift in Sources */ = {isa = PBXBuildFile; fileRef = 0495D9BA225A6144001CFB2A /* AppDelegate.swift */; };
		0495D9C3225A6144001CFB2A /* AppLayout.xcdatamodeld in Sources */ = {isa = PBXBuildFile; fileRef = 0495D9C1225A6144001CFB2A /* AppLayout.xcdatamodeld */; };
		0495D9C5225A6145001CFB2A /* Assets.xcassets in Resources */ = {isa = PBXBuildFile; fileRef = 0495D9C4225A6145001CFB2A /* Assets.xcassets */; };
		0495D9C8225A6145001CFB2A /* LaunchScreen.storyboard in Resources */ = {isa = PBXBuildFile; fileRef = 0495D9C6225A6145001CFB2A /* LaunchScreen.storyboard */; };
		0495D9D3225A6145001CFB2A /* AppLayoutTests.swift in Sources */ = {isa = PBXBuildFile; fileRef = 0495D9D2225A6145001CFB2A /* AppLayoutTests.swift */; };
		0495D9DE225A6145001CFB2A /* AppLayoutUITests.swift in Sources */ = {isa = PBXBuildFile; fileRef = 0495D9DD225A6145001CFB2A /* AppLayoutUITests.swift */; };
		0495D9F4225A753C001CFB2A /* Dynamic.swift in Sources */ = {isa = PBXBuildFile; fileRef = 0495D9F3225A753C001CFB2A /* Dynamic.swift */; };
		0495D9F6225A7579001CFB2A /* UIStoryboard.swift in Sources */ = {isa = PBXBuildFile; fileRef = 0495D9F5225A7579001CFB2A /* UIStoryboard.swift */; };
		0495D9FE225A7618001CFB2A /* ApplicationCoordinator.swift in Sources */ = {isa = PBXBuildFile; fileRef = 0495D9FD225A7618001CFB2A /* ApplicationCoordinator.swift */; };
		0495DA00225A7655001CFB2A /* BaseCoordinator.swift in Sources */ = {isa = PBXBuildFile; fileRef = 0495D9FF225A7655001CFB2A /* BaseCoordinator.swift */; };
		0495DA02225A768F001CFB2A /* Coordinator.swift in Sources */ = {isa = PBXBuildFile; fileRef = 0495DA01225A768F001CFB2A /* Coordinator.swift */; };
		0495DA04225A76B4001CFB2A /* DeepLinkOption.swift in Sources */ = {isa = PBXBuildFile; fileRef = 0495DA03225A76B4001CFB2A /* DeepLinkOption.swift */; };
		0495DA06225A770E001CFB2A /* CoordinatorFactory.swift in Sources */ = {isa = PBXBuildFile; fileRef = 0495DA05225A770E001CFB2A /* CoordinatorFactory.swift */; };
		0495DA08225A7738001CFB2A /* ViewControllerFactory.swift in Sources */ = {isa = PBXBuildFile; fileRef = 0495DA07225A7738001CFB2A /* ViewControllerFactory.swift */; };
		0495DA0A225A7859001CFB2A /* LaunchInstructor.swift in Sources */ = {isa = PBXBuildFile; fileRef = 0495DA09225A7859001CFB2A /* LaunchInstructor.swift */; };
		0495DA0C225A7898001CFB2A /* BaseViewControllerProtocol.swift in Sources */ = {isa = PBXBuildFile; fileRef = 0495DA0B225A7898001CFB2A /* BaseViewControllerProtocol.swift */; };
		0495DA0E225A78C2001CFB2A /* Presentable.swift in Sources */ = {isa = PBXBuildFile; fileRef = 0495DA0D225A78C2001CFB2A /* Presentable.swift */; };
		0495DA10225A793E001CFB2A /* Router.swift in Sources */ = {isa = PBXBuildFile; fileRef = 0495DA0F225A793E001CFB2A /* Router.swift */; };
		0495DA12225A7A79001CFB2A /* Auth.storyboard in Resources */ = {isa = PBXBuildFile; fileRef = 0495DA11225A7A79001CFB2A /* Auth.storyboard */; };
		0495DA15225A7AC3001CFB2A /* AuthModel.swift in Sources */ = {isa = PBXBuildFile; fileRef = 0495DA14225A7AC3001CFB2A /* AuthModel.swift */; };
		0495DA17225A7AD1001CFB2A /* AuthViewModel.swift in Sources */ = {isa = PBXBuildFile; fileRef = 0495DA16225A7AD1001CFB2A /* AuthViewModel.swift */; };
		0495DA19225A7AE0001CFB2A /* AuthViewController.swift in Sources */ = {isa = PBXBuildFile; fileRef = 0495DA18225A7AE0001CFB2A /* AuthViewController.swift */; };
		0495DA1B225A7BB1001CFB2A /* AuthCoordinator.swift in Sources */ = {isa = PBXBuildFile; fileRef = 0495DA1A225A7BB1001CFB2A /* AuthCoordinator.swift */; };
		0495DA1D225A7BDA001CFB2A /* AuthCoordinatorOutput.swift in Sources */ = {isa = PBXBuildFile; fileRef = 0495DA1C225A7BDA001CFB2A /* AuthCoordinatorOutput.swift */; };
		0495DA1F225A822B001CFB2A /* ViewController+Coordinator.swift in Sources */ = {isa = PBXBuildFile; fileRef = 0495DA1E225A822B001CFB2A /* ViewController+Coordinator.swift */; };
		0495DA22225A8A2C001CFB2A /* Main.storyboard in Resources */ = {isa = PBXBuildFile; fileRef = 0495DA21225A8A2C001CFB2A /* Main.storyboard */; };
		0495DA24225A8A9F001CFB2A /* Home.storyboard in Resources */ = {isa = PBXBuildFile; fileRef = 0495DA23225A8A9F001CFB2A /* Home.storyboard */; };
		0495DA29225A8B11001CFB2A /* HomeViewController.swift in Sources */ = {isa = PBXBuildFile; fileRef = 0495DA28225A8B11001CFB2A /* HomeViewController.swift */; };
		0495DA2B225A8B4A001CFB2A /* HomeViewModel.swift in Sources */ = {isa = PBXBuildFile; fileRef = 0495DA2A225A8B4A001CFB2A /* HomeViewModel.swift */; };
		0495DA2D225A8C05001CFB2A /* HomeCoordinator.swift in Sources */ = {isa = PBXBuildFile; fileRef = 0495DA2C225A8C05001CFB2A /* HomeCoordinator.swift */; };
		0495DA2F225AABE6001CFB2A /* Cartoes.storyboard in Resources */ = {isa = PBXBuildFile; fileRef = 0495DA2E225AABE6001CFB2A /* Cartoes.storyboard */; };
		0495DA32225AAC2B001CFB2A /* CartoesViewController.swift in Sources */ = {isa = PBXBuildFile; fileRef = 0495DA31225AAC2B001CFB2A /* CartoesViewController.swift */; };
		0495DA34225AAC7F001CFB2A /* CatoesViewModel.swift in Sources */ = {isa = PBXBuildFile; fileRef = 0495DA33225AAC7F001CFB2A /* CatoesViewModel.swift */; };
		0495DA36225AAC89001CFB2A /* CartoesModel.swift in Sources */ = {isa = PBXBuildFile; fileRef = 0495DA35225AAC89001CFB2A /* CartoesModel.swift */; };
		0495DA38225AAD9F001CFB2A /* CartoesCoordinator.swift in Sources */ = {isa = PBXBuildFile; fileRef = 0495DA37225AAD9F001CFB2A /* CartoesCoordinator.swift */; };
		14888299A91EAAFD0C4C9F8A /* Pods_AppLayout.framework in Frameworks */ = {isa = PBXBuildFile; fileRef = FF261904A23A3CAA57D8BCB5 /* Pods_AppLayout.framework */; };
		C9622AFC87D126FB08589A91 /* Pods_AppLayoutUITests.framework in Frameworks */ = {isa = PBXBuildFile; fileRef = 282D3613F8BCF1D223176584 /* Pods_AppLayoutUITests.framework */; };
		D0C91EB930C5015566B1126D /* Pods_AppLayoutTests.framework in Frameworks */ = {isa = PBXBuildFile; fileRef = FD2386012E175E2F3D38528A /* Pods_AppLayoutTests.framework */; };
/* End PBXBuildFile section */

/* Begin PBXContainerItemProxy section */
		0495D9CF225A6145001CFB2A /* PBXContainerItemProxy */ = {
			isa = PBXContainerItemProxy;
			containerPortal = 0495D9AF225A6144001CFB2A /* Project object */;
			proxyType = 1;
			remoteGlobalIDString = 0495D9B6225A6144001CFB2A;
			remoteInfo = AppLayout;
		};
		0495D9DA225A6145001CFB2A /* PBXContainerItemProxy */ = {
			isa = PBXContainerItemProxy;
			containerPortal = 0495D9AF225A6144001CFB2A /* Project object */;
			proxyType = 1;
			remoteGlobalIDString = 0495D9B6225A6144001CFB2A;
			remoteInfo = AppLayout;
		};
/* End PBXContainerItemProxy section */

/* Begin PBXFileReference section */
		04173C22226A093000DEB979 /* TableViewCell.swift */ = {isa = PBXFileReference; lastKnownFileType = sourcecode.swift; path = TableViewCell.swift; sourceTree = "<group>"; };
		04173C25226B6D4900DEB979 /* History.storyboard */ = {isa = PBXFileReference; lastKnownFileType = file.storyboard; path = History.storyboard; sourceTree = "<group>"; };
		04173C28226BA87E00DEB979 /* SegmentioBuilder.swift */ = {isa = PBXFileReference; lastKnownFileType = sourcecode.swift; path = SegmentioBuilder.swift; sourceTree = "<group>"; };
		04173C2A226BA8F200DEB979 /* ColorPalette.swift */ = {isa = PBXFileReference; lastKnownFileType = sourcecode.swift; path = ColorPalette.swift; sourceTree = "<group>"; };
		04173C2C226BA9A600DEB979 /* UIFont+ExampleFonts.swift */ = {isa = PBXFileReference; lastKnownFileType = sourcecode.swift; path = "UIFont+ExampleFonts.swift"; sourceTree = "<group>"; };
		04173C2E226CC06200DEB979 /* TabCards.swift */ = {isa = PBXFileReference; lastKnownFileType = sourcecode.swift; path = TabCards.swift; sourceTree = "<group>"; };
		04718CBB2261FD490094BB67 /* TabBarView.swift */ = {isa = PBXFileReference; lastKnownFileType = sourcecode.swift; path = TabBarView.swift; sourceTree = "<group>"; };
		04718CC6226230260094BB67 /* UIColor.swift */ = {isa = PBXFileReference; lastKnownFileType = sourcecode.swift; path = UIColor.swift; sourceTree = "<group>"; };
		04718CD022626AA60094BB67 /* Navigation.swift */ = {isa = PBXFileReference; lastKnownFileType = sourcecode.swift; path = Navigation.swift; sourceTree = "<group>"; };
		0495D9B7225A6144001CFB2A /* AppLayout.app */ = {isa = PBXFileReference; explicitFileType = wrapper.application; includeInIndex = 0; path = AppLayout.app; sourceTree = BUILT_PRODUCTS_DIR; };
		0495D9BA225A6144001CFB2A /* AppDelegate.swift */ = {isa = PBXFileReference; lastKnownFileType = sourcecode.swift; path = AppDelegate.swift; sourceTree = "<group>"; };
		0495D9C2225A6144001CFB2A /* AppLayout.xcdatamodel */ = {isa = PBXFileReference; lastKnownFileType = wrapper.xcdatamodel; path = AppLayout.xcdatamodel; sourceTree = "<group>"; };
		0495D9C4225A6145001CFB2A /* Assets.xcassets */ = {isa = PBXFileReference; lastKnownFileType = folder.assetcatalog; path = Assets.xcassets; sourceTree = "<group>"; };
		0495D9C7225A6145001CFB2A /* Base */ = {isa = PBXFileReference; lastKnownFileType = file.storyboard; name = Base; path = Base.lproj/LaunchScreen.storyboard; sourceTree = "<group>"; };
		0495D9C9225A6145001CFB2A /* Info.plist */ = {isa = PBXFileReference; lastKnownFileType = text.plist.xml; path = Info.plist; sourceTree = "<group>"; };
		0495D9CE225A6145001CFB2A /* AppLayoutTests.xctest */ = {isa = PBXFileReference; explicitFileType = wrapper.cfbundle; includeInIndex = 0; path = AppLayoutTests.xctest; sourceTree = BUILT_PRODUCTS_DIR; };
		0495D9D2225A6145001CFB2A /* AppLayoutTests.swift */ = {isa = PBXFileReference; lastKnownFileType = sourcecode.swift; path = AppLayoutTests.swift; sourceTree = "<group>"; };
		0495D9D4225A6145001CFB2A /* Info.plist */ = {isa = PBXFileReference; lastKnownFileType = text.plist.xml; path = Info.plist; sourceTree = "<group>"; };
		0495D9D9225A6145001CFB2A /* AppLayoutUITests.xctest */ = {isa = PBXFileReference; explicitFileType = wrapper.cfbundle; includeInIndex = 0; path = AppLayoutUITests.xctest; sourceTree = BUILT_PRODUCTS_DIR; };
		0495D9DD225A6145001CFB2A /* AppLayoutUITests.swift */ = {isa = PBXFileReference; lastKnownFileType = sourcecode.swift; path = AppLayoutUITests.swift; sourceTree = "<group>"; };
		0495D9DF225A6145001CFB2A /* Info.plist */ = {isa = PBXFileReference; lastKnownFileType = text.plist.xml; path = Info.plist; sourceTree = "<group>"; };
		0495D9F3225A753C001CFB2A /* Dynamic.swift */ = {isa = PBXFileReference; lastKnownFileType = sourcecode.swift; path = Dynamic.swift; sourceTree = "<group>"; };
		0495D9F5225A7579001CFB2A /* UIStoryboard.swift */ = {isa = PBXFileReference; lastKnownFileType = sourcecode.swift; path = UIStoryboard.swift; sourceTree = "<group>"; };
		0495D9FD225A7618001CFB2A /* ApplicationCoordinator.swift */ = {isa = PBXFileReference; lastKnownFileType = sourcecode.swift; path = ApplicationCoordinator.swift; sourceTree = "<group>"; };
		0495D9FF225A7655001CFB2A /* BaseCoordinator.swift */ = {isa = PBXFileReference; lastKnownFileType = sourcecode.swift; path = BaseCoordinator.swift; sourceTree = "<group>"; };
		0495DA01225A768F001CFB2A /* Coordinator.swift */ = {isa = PBXFileReference; lastKnownFileType = sourcecode.swift; path = Coordinator.swift; sourceTree = "<group>"; };
		0495DA03225A76B4001CFB2A /* DeepLinkOption.swift */ = {isa = PBXFileReference; lastKnownFileType = sourcecode.swift; path = DeepLinkOption.swift; sourceTree = "<group>"; };
		0495DA05225A770E001CFB2A /* CoordinatorFactory.swift */ = {isa = PBXFileReference; lastKnownFileType = sourcecode.swift; path = CoordinatorFactory.swift; sourceTree = "<group>"; };
		0495DA07225A7738001CFB2A /* ViewControllerFactory.swift */ = {isa = PBXFileReference; lastKnownFileType = sourcecode.swift; path = ViewControllerFactory.swift; sourceTree = "<group>"; };
		0495DA09225A7859001CFB2A /* LaunchInstructor.swift */ = {isa = PBXFileReference; lastKnownFileType = sourcecode.swift; path = LaunchInstructor.swift; sourceTree = "<group>"; };
		0495DA0B225A7898001CFB2A /* BaseViewControllerProtocol.swift */ = {isa = PBXFileReference; lastKnownFileType = sourcecode.swift; path = BaseViewControllerProtocol.swift; sourceTree = "<group>"; };
		0495DA0D225A78C2001CFB2A /* Presentable.swift */ = {isa = PBXFileReference; lastKnownFileType = sourcecode.swift; path = Presentable.swift; sourceTree = "<group>"; };
		0495DA0F225A793E001CFB2A /* Router.swift */ = {isa = PBXFileReference; lastKnownFileType = sourcecode.swift; path = Router.swift; sourceTree = "<group>"; };
		0495DA11225A7A79001CFB2A /* Auth.storyboard */ = {isa = PBXFileReference; lastKnownFileType = file.storyboard; path = Auth.storyboard; sourceTree = "<group>"; };
		0495DA14225A7AC3001CFB2A /* AuthModel.swift */ = {isa = PBXFileReference; lastKnownFileType = sourcecode.swift; path = AuthModel.swift; sourceTree = "<group>"; };
		0495DA16225A7AD1001CFB2A /* AuthViewModel.swift */ = {isa = PBXFileReference; lastKnownFileType = sourcecode.swift; path = AuthViewModel.swift; sourceTree = "<group>"; };
		0495DA18225A7AE0001CFB2A /* AuthViewController.swift */ = {isa = PBXFileReference; lastKnownFileType = sourcecode.swift; path = AuthViewController.swift; sourceTree = "<group>"; };
		0495DA1A225A7BB1001CFB2A /* AuthCoordinator.swift */ = {isa = PBXFileReference; lastKnownFileType = sourcecode.swift; path = AuthCoordinator.swift; sourceTree = "<group>"; };
		0495DA1C225A7BDA001CFB2A /* AuthCoordinatorOutput.swift */ = {isa = PBXFileReference; lastKnownFileType = sourcecode.swift; path = AuthCoordinatorOutput.swift; sourceTree = "<group>"; };
		0495DA1E225A822B001CFB2A /* ViewController+Coordinator.swift */ = {isa = PBXFileReference; lastKnownFileType = sourcecode.swift; path = "ViewController+Coordinator.swift"; sourceTree = "<group>"; };
		0495DA21225A8A2C001CFB2A /* Main.storyboard */ = {isa = PBXFileReference; lastKnownFileType = file.storyboard; path = Main.storyboard; sourceTree = "<group>"; };
		0495DA23225A8A9F001CFB2A /* Home.storyboard */ = {isa = PBXFileReference; lastKnownFileType = file.storyboard; path = Home.storyboard; sourceTree = "<group>"; };
		0495DA28225A8B11001CFB2A /* HomeViewController.swift */ = {isa = PBXFileReference; lastKnownFileType = sourcecode.swift; path = HomeViewController.swift; sourceTree = "<group>"; };
		0495DA2A225A8B4A001CFB2A /* HomeViewModel.swift */ = {isa = PBXFileReference; lastKnownFileType = sourcecode.swift; path = HomeViewModel.swift; sourceTree = "<group>"; };
		0495DA2C225A8C05001CFB2A /* HomeCoordinator.swift */ = {isa = PBXFileReference; lastKnownFileType = sourcecode.swift; path = HomeCoordinator.swift; sourceTree = "<group>"; };
		0495DA2E225AABE6001CFB2A /* Cartoes.storyboard */ = {isa = PBXFileReference; lastKnownFileType = file.storyboard; path = Cartoes.storyboard; sourceTree = "<group>"; };
		0495DA31225AAC2B001CFB2A /* CartoesViewController.swift */ = {isa = PBXFileReference; lastKnownFileType = sourcecode.swift; path = CartoesViewController.swift; sourceTree = "<group>"; };
		0495DA33225AAC7F001CFB2A /* CatoesViewModel.swift */ = {isa = PBXFileReference; lastKnownFileType = sourcecode.swift; path = CatoesViewModel.swift; sourceTree = "<group>"; };
		0495DA35225AAC89001CFB2A /* CartoesModel.swift */ = {isa = PBXFileReference; lastKnownFileType = sourcecode.swift; path = CartoesModel.swift; sourceTree = "<group>"; };
		0495DA37225AAD9F001CFB2A /* CartoesCoordinator.swift */ = {isa = PBXFileReference; lastKnownFileType = sourcecode.swift; path = CartoesCoordinator.swift; sourceTree = "<group>"; };
		07F8B8BF924E9D3220ABAEAE /* Pods-AppLayoutUITests.release.xcconfig */ = {isa = PBXFileReference; includeInIndex = 1; lastKnownFileType = text.xcconfig; name = "Pods-AppLayoutUITests.release.xcconfig"; path = "Pods/Target Support Files/Pods-AppLayoutUITests/Pods-AppLayoutUITests.release.xcconfig"; sourceTree = "<group>"; };
		282D3613F8BCF1D223176584 /* Pods_AppLayoutUITests.framework */ = {isa = PBXFileReference; explicitFileType = wrapper.framework; includeInIndex = 0; path = Pods_AppLayoutUITests.framework; sourceTree = BUILT_PRODUCTS_DIR; };
		2FD16D21DE07A5613EB6E255 /* Pods-AppLayout.release.xcconfig */ = {isa = PBXFileReference; includeInIndex = 1; lastKnownFileType = text.xcconfig; name = "Pods-AppLayout.release.xcconfig"; path = "Pods/Target Support Files/Pods-AppLayout/Pods-AppLayout.release.xcconfig"; sourceTree = "<group>"; };
		76A7DE5C0AF19006DE8CFF6F /* Pods-AppLayout.debug.xcconfig */ = {isa = PBXFileReference; includeInIndex = 1; lastKnownFileType = text.xcconfig; name = "Pods-AppLayout.debug.xcconfig"; path = "Pods/Target Support Files/Pods-AppLayout/Pods-AppLayout.debug.xcconfig"; sourceTree = "<group>"; };
		BE546A427CED7A1BB8A4DE0B /* Pods-AppLayoutTests.debug.xcconfig */ = {isa = PBXFileReference; includeInIndex = 1; lastKnownFileType = text.xcconfig; name = "Pods-AppLayoutTests.debug.xcconfig"; path = "Pods/Target Support Files/Pods-AppLayoutTests/Pods-AppLayoutTests.debug.xcconfig"; sourceTree = "<group>"; };
		CDDF8F0027B0A4E4CCA7C6BE /* Pods-AppLayoutUITests.debug.xcconfig */ = {isa = PBXFileReference; includeInIndex = 1; lastKnownFileType = text.xcconfig; name = "Pods-AppLayoutUITests.debug.xcconfig"; path = "Pods/Target Support Files/Pods-AppLayoutUITests/Pods-AppLayoutUITests.debug.xcconfig"; sourceTree = "<group>"; };
		F960D1A8943A448078EF6A75 /* Pods-AppLayoutTests.release.xcconfig */ = {isa = PBXFileReference; includeInIndex = 1; lastKnownFileType = text.xcconfig; name = "Pods-AppLayoutTests.release.xcconfig"; path = "Pods/Target Support Files/Pods-AppLayoutTests/Pods-AppLayoutTests.release.xcconfig"; sourceTree = "<group>"; };
		FD2386012E175E2F3D38528A /* Pods_AppLayoutTests.framework */ = {isa = PBXFileReference; explicitFileType = wrapper.framework; includeInIndex = 0; path = Pods_AppLayoutTests.framework; sourceTree = BUILT_PRODUCTS_DIR; };
		FF261904A23A3CAA57D8BCB5 /* Pods_AppLayout.framework */ = {isa = PBXFileReference; explicitFileType = wrapper.framework; includeInIndex = 0; path = Pods_AppLayout.framework; sourceTree = BUILT_PRODUCTS_DIR; };
/* End PBXFileReference section */

/* Begin PBXFrameworksBuildPhase section */
		0495D9B4225A6144001CFB2A /* Frameworks */ = {
			isa = PBXFrameworksBuildPhase;
			buildActionMask = 2147483647;
			files = (
				14888299A91EAAFD0C4C9F8A /* Pods_AppLayout.framework in Frameworks */,
			);
			runOnlyForDeploymentPostprocessing = 0;
		};
		0495D9CB225A6145001CFB2A /* Frameworks */ = {
			isa = PBXFrameworksBuildPhase;
			buildActionMask = 2147483647;
			files = (
				D0C91EB930C5015566B1126D /* Pods_AppLayoutTests.framework in Frameworks */,
			);
			runOnlyForDeploymentPostprocessing = 0;
		};
		0495D9D6225A6145001CFB2A /* Frameworks */ = {
			isa = PBXFrameworksBuildPhase;
			buildActionMask = 2147483647;
			files = (
				C9622AFC87D126FB08589A91 /* Pods_AppLayoutUITests.framework in Frameworks */,
			);
			runOnlyForDeploymentPostprocessing = 0;
		};
/* End PBXFrameworksBuildPhase section */

/* Begin PBXGroup section */
		04173C24226B6A1F00DEB979 /* History */ = {
			isa = PBXGroup;
			children = (
			);
			path = History;
			sourceTree = "<group>";
		};
		04173C27226BA83C00DEB979 /* Tabbbed */ = {
			isa = PBXGroup;
			children = (
				04173C28226BA87E00DEB979 /* SegmentioBuilder.swift */,
				04173C2E226CC06200DEB979 /* TabCards.swift */,
			);
			path = Tabbbed;
			sourceTree = "<group>";
		};
		04718CB82261FD050094BB67 /* Controller */ = {
			isa = PBXGroup;
			children = (
				0495DA28225A8B11001CFB2A /* HomeViewController.swift */,
			);
			path = Controller;
			sourceTree = "<group>";
		};
		04718CB92261FD170094BB67 /* Model */ = {
			isa = PBXGroup;
			children = (
			);
			path = Model;
			sourceTree = "<group>";
		};
		04718CBA2261FD230094BB67 /* View */ = {
			isa = PBXGroup;
			children = (
				04718CBB2261FD490094BB67 /* TabBarView.swift */,
				04173C22226A093000DEB979 /* TableViewCell.swift */,
			);
			path = View;
			sourceTree = "<group>";
		};
		04718CC8226230860094BB67 /* ViewModel */ = {
			isa = PBXGroup;
			children = (
				0495DA2A225A8B4A001CFB2A /* HomeViewModel.swift */,
			);
			path = ViewModel;
			sourceTree = "<group>";
		};
		0495D9AE225A6144001CFB2A = {
			isa = PBXGroup;
			children = (
				0495D9B9225A6144001CFB2A /* AppLayout */,
				0495D9D1225A6145001CFB2A /* AppLayoutTests */,
				0495D9DC225A6145001CFB2A /* AppLayoutUITests */,
				0495D9B8225A6144001CFB2A /* Products */,
				EFC0443E2A1AC4ACB73F26A1 /* Pods */,
				12A17B3E704A8E08FE23DC63 /* Frameworks */,
			);
			sourceTree = "<group>";
		};
		0495D9B8225A6144001CFB2A /* Products */ = {
			isa = PBXGroup;
			children = (
				0495D9B7225A6144001CFB2A /* AppLayout.app */,
				0495D9CE225A6145001CFB2A /* AppLayoutTests.xctest */,
				0495D9D9225A6145001CFB2A /* AppLayoutUITests.xctest */,
			);
			name = Products;
			sourceTree = "<group>";
		};
		0495D9B9225A6144001CFB2A /* AppLayout */ = {
			isa = PBXGroup;
			children = (
				0495D9F0225A74F0001CFB2A /* Application */,
				0495D9EF225A74E8001CFB2A /* Coordinator */,
				0495D9EE225A74DD001CFB2A /* Extension */,
				0495D9ED225A74D4001CFB2A /* Scenes */,
				0495D9EC225A74C8001CFB2A /* Storyboard */,
				0495D9EB225A74B6001CFB2A /* Util */,
				0495D9C4225A6145001CFB2A /* Assets.xcassets */,
				0495D9C6225A6145001CFB2A /* LaunchScreen.storyboard */,
				0495D9C9225A6145001CFB2A /* Info.plist */,
				0495D9C1225A6144001CFB2A /* AppLayout.xcdatamodeld */,
			);
			path = AppLayout;
			sourceTree = "<group>";
		};
		0495D9D1225A6145001CFB2A /* AppLayoutTests */ = {
			isa = PBXGroup;
			children = (
				0495D9D2225A6145001CFB2A /* AppLayoutTests.swift */,
				0495D9D4225A6145001CFB2A /* Info.plist */,
			);
			path = AppLayoutTests;
			sourceTree = "<group>";
		};
		0495D9DC225A6145001CFB2A /* AppLayoutUITests */ = {
			isa = PBXGroup;
			children = (
				0495D9DD225A6145001CFB2A /* AppLayoutUITests.swift */,
				0495D9DF225A6145001CFB2A /* Info.plist */,
			);
			path = AppLayoutUITests;
			sourceTree = "<group>";
		};
		0495D9EB225A74B6001CFB2A /* Util */ = {
			isa = PBXGroup;
			children = (
				0495D9F3225A753C001CFB2A /* Dynamic.swift */,
				04718CD022626AA60094BB67 /* Navigation.swift */,
				04173C2A226BA8F200DEB979 /* ColorPalette.swift */,
			);
			path = Util;
			sourceTree = "<group>";
		};
		0495D9EC225A74C8001CFB2A /* Storyboard */ = {
			isa = PBXGroup;
			children = (
				0495DA11225A7A79001CFB2A /* Auth.storyboard */,
				0495DA21225A8A2C001CFB2A /* Main.storyboard */,
				0495DA23225A8A9F001CFB2A /* Home.storyboard */,
				0495DA2E225AABE6001CFB2A /* Cartoes.storyboard */,
				04173C25226B6D4900DEB979 /* History.storyboard */,
			);
			path = Storyboard;
			sourceTree = "<group>";
		};
		0495D9ED225A74D4001CFB2A /* Scenes */ = {
			isa = PBXGroup;
			children = (
				04173C27226BA83C00DEB979 /* Tabbbed */,
				04173C24226B6A1F00DEB979 /* History */,
				0495DA30225AAC17001CFB2A /* Extrato */,
				0495DA25225A8ACC001CFB2A /* Home */,
				0495DA20225A883E001CFB2A /* Auth */,
			);
			path = Scenes;
			sourceTree = "<group>";
		};
		0495D9EE225A74DD001CFB2A /* Extension */ = {
			isa = PBXGroup;
			children = (
				0495D9F5225A7579001CFB2A /* UIStoryboard.swift */,
				04718CC6226230260094BB67 /* UIColor.swift */,
				04173C2C226BA9A600DEB979 /* UIFont+ExampleFonts.swift */,
			);
			path = Extension;
			sourceTree = "<group>";
		};
		0495D9EF225A74E8001CFB2A /* Coordinator */ = {
			isa = PBXGroup;
			children = (
				0495D9F2225A751B001CFB2A /* Coordinators */,
				0495D9F1225A750F001CFB2A /* BaseCoordinator */,
			);
			path = Coordinator;
			sourceTree = "<group>";
		};
		0495D9F0225A74F0001CFB2A /* Application */ = {
			isa = PBXGroup;
			children = (
				0495D9BA225A6144001CFB2A /* AppDelegate.swift */,
			);
			path = Application;
			sourceTree = "<group>";
		};
		0495D9F1225A750F001CFB2A /* BaseCoordinator */ = {
			isa = PBXGroup;
			children = (
				0495D9FC225A75EE001CFB2A /* Enums */,
				0495D9FB225A75E6001CFB2A /* Extensions */,
				0495D9FA225A75CB001CFB2A /* Protocols */,
				0495D9F9225A75C3001CFB2A /* Factory */,
				0495D9F8225A75BB001CFB2A /* Base */,
				0495D9F7225A75B1001CFB2A /* Router */,
			);
			path = BaseCoordinator;
			sourceTree = "<group>";
		};
		0495D9F2225A751B001CFB2A /* Coordinators */ = {
			isa = PBXGroup;
			children = (
				0495D9FD225A7618001CFB2A /* ApplicationCoordinator.swift */,
				0495DA1A225A7BB1001CFB2A /* AuthCoordinator.swift */,
				0495DA2C225A8C05001CFB2A /* HomeCoordinator.swift */,
				0495DA37225AAD9F001CFB2A /* CartoesCoordinator.swift */,
			);
			path = Coordinators;
			sourceTree = "<group>";
		};
		0495D9F7225A75B1001CFB2A /* Router */ = {
			isa = PBXGroup;
			children = (
				0495DA0F225A793E001CFB2A /* Router.swift */,
			);
			path = Router;
			sourceTree = "<group>";
		};
		0495D9F8225A75BB001CFB2A /* Base */ = {
			isa = PBXGroup;
			children = (
				0495D9FF225A7655001CFB2A /* BaseCoordinator.swift */,
			);
			path = Base;
			sourceTree = "<group>";
		};
		0495D9F9225A75C3001CFB2A /* Factory */ = {
			isa = PBXGroup;
			children = (
				0495DA05225A770E001CFB2A /* CoordinatorFactory.swift */,
				0495DA07225A7738001CFB2A /* ViewControllerFactory.swift */,
			);
			path = Factory;
			sourceTree = "<group>";
		};
		0495D9FA225A75CB001CFB2A /* Protocols */ = {
			isa = PBXGroup;
			children = (
				0495DA0B225A7898001CFB2A /* BaseViewControllerProtocol.swift */,
				0495DA01225A768F001CFB2A /* Coordinator.swift */,
				0495DA0D225A78C2001CFB2A /* Presentable.swift */,
				0495DA1C225A7BDA001CFB2A /* AuthCoordinatorOutput.swift */,
			);
			path = Protocols;
			sourceTree = "<group>";
		};
		0495D9FB225A75E6001CFB2A /* Extensions */ = {
			isa = PBXGroup;
			children = (
				0495DA1E225A822B001CFB2A /* ViewController+Coordinator.swift */,
			);
			path = Extensions;
			sourceTree = "<group>";
		};
		0495D9FC225A75EE001CFB2A /* Enums */ = {
			isa = PBXGroup;
			children = (
				0495DA03225A76B4001CFB2A /* DeepLinkOption.swift */,
				0495DA09225A7859001CFB2A /* LaunchInstructor.swift */,
			);
			path = Enums;
			sourceTree = "<group>";
		};
		0495DA13225A7A92001CFB2A /* Login */ = {
			isa = PBXGroup;
			children = (
				0495DA14225A7AC3001CFB2A /* AuthModel.swift */,
				0495DA16225A7AD1001CFB2A /* AuthViewModel.swift */,
				0495DA18225A7AE0001CFB2A /* AuthViewController.swift */,
			);
			path = Login;
			sourceTree = "<group>";
		};
		0495DA20225A883E001CFB2A /* Auth */ = {
			isa = PBXGroup;
			children = (
				0495DA13225A7A92001CFB2A /* Login */,
			);
			path = Auth;
			sourceTree = "<group>";
		};
		0495DA25225A8ACC001CFB2A /* Home */ = {
			isa = PBXGroup;
			children = (
				04718CC8226230860094BB67 /* ViewModel */,
				04718CBA2261FD230094BB67 /* View */,
				04718CB92261FD170094BB67 /* Model */,
				04718CB82261FD050094BB67 /* Controller */,
			);
			path = Home;
			sourceTree = "<group>";
		};
		0495DA30225AAC17001CFB2A /* Extrato */ = {
			isa = PBXGroup;
			children = (
				0495DA31225AAC2B001CFB2A /* CartoesViewController.swift */,
				0495DA33225AAC7F001CFB2A /* CatoesViewModel.swift */,
				0495DA35225AAC89001CFB2A /* CartoesModel.swift */,
			);
			path = Extrato;
			sourceTree = "<group>";
		};
		12A17B3E704A8E08FE23DC63 /* Frameworks */ = {
			isa = PBXGroup;
			children = (
				FF261904A23A3CAA57D8BCB5 /* Pods_AppLayout.framework */,
				FD2386012E175E2F3D38528A /* Pods_AppLayoutTests.framework */,
				282D3613F8BCF1D223176584 /* Pods_AppLayoutUITests.framework */,
			);
			name = Frameworks;
			sourceTree = "<group>";
		};
		EFC0443E2A1AC4ACB73F26A1 /* Pods */ = {
			isa = PBXGroup;
			children = (
				76A7DE5C0AF19006DE8CFF6F /* Pods-AppLayout.debug.xcconfig */,
				2FD16D21DE07A5613EB6E255 /* Pods-AppLayout.release.xcconfig */,
				BE546A427CED7A1BB8A4DE0B /* Pods-AppLayoutTests.debug.xcconfig */,
				F960D1A8943A448078EF6A75 /* Pods-AppLayoutTests.release.xcconfig */,
				CDDF8F0027B0A4E4CCA7C6BE /* Pods-AppLayoutUITests.debug.xcconfig */,
				07F8B8BF924E9D3220ABAEAE /* Pods-AppLayoutUITests.release.xcconfig */,
			);
			name = Pods;
			sourceTree = "<group>";
		};
/* End PBXGroup section */

/* Begin PBXNativeTarget section */
		0495D9B6225A6144001CFB2A /* AppLayout */ = {
			isa = PBXNativeTarget;
			buildConfigurationList = 0495D9E2225A6145001CFB2A /* Build configuration list for PBXNativeTarget "AppLayout" */;
			buildPhases = (
				2319406326E1DFD6A7624F18 /* [CP] Check Pods Manifest.lock */,
				0495D9B3225A6144001CFB2A /* Sources */,
				0495D9B4225A6144001CFB2A /* Frameworks */,
				0495D9B5225A6144001CFB2A /* Resources */,
				50E1C2CE3E2104ED392DF1DD /* [CP] Embed Pods Frameworks */,
			);
			buildRules = (
			);
			dependencies = (
			);
			name = AppLayout;
			productName = AppLayout;
			productReference = 0495D9B7225A6144001CFB2A /* AppLayout.app */;
			productType = "com.apple.product-type.application";
		};
		0495D9CD225A6145001CFB2A /* AppLayoutTests */ = {
			isa = PBXNativeTarget;
			buildConfigurationList = 0495D9E5225A6145001CFB2A /* Build configuration list for PBXNativeTarget "AppLayoutTests" */;
			buildPhases = (
				F9450B573EA2438E3BD578BE /* [CP] Check Pods Manifest.lock */,
				0495D9CA225A6145001CFB2A /* Sources */,
				0495D9CB225A6145001CFB2A /* Frameworks */,
				0495D9CC225A6145001CFB2A /* Resources */,
			);
			buildRules = (
			);
			dependencies = (
				0495D9D0225A6145001CFB2A /* PBXTargetDependency */,
			);
			name = AppLayoutTests;
			productName = AppLayoutTests;
			productReference = 0495D9CE225A6145001CFB2A /* AppLayoutTests.xctest */;
			productType = "com.apple.product-type.bundle.unit-test";
		};
		0495D9D8225A6145001CFB2A /* AppLayoutUITests */ = {
			isa = PBXNativeTarget;
			buildConfigurationList = 0495D9E8225A6145001CFB2A /* Build configuration list for PBXNativeTarget "AppLayoutUITests" */;
			buildPhases = (
				8AB68ADEA3DD450B6491F4AE /* [CP] Check Pods Manifest.lock */,
				0495D9D5225A6145001CFB2A /* Sources */,
				0495D9D6225A6145001CFB2A /* Frameworks */,
				0495D9D7225A6145001CFB2A /* Resources */,
			);
			buildRules = (
			);
			dependencies = (
				0495D9DB225A6145001CFB2A /* PBXTargetDependency */,
			);
			name = AppLayoutUITests;
			productName = AppLayoutUITests;
			productReference = 0495D9D9225A6145001CFB2A /* AppLayoutUITests.xctest */;
			productType = "com.apple.product-type.bundle.ui-testing";
		};
/* End PBXNativeTarget section */

/* Begin PBXProject section */
		0495D9AF225A6144001CFB2A /* Project object */ = {
			isa = PBXProject;
			attributes = {
				LastSwiftUpdateCheck = 1010;
				LastUpgradeCheck = 1010;
				ORGANIZATIONNAME = "Wesley S. Favarin";
				TargetAttributes = {
					0495D9B6225A6144001CFB2A = {
						CreatedOnToolsVersion = 10.1;
					};
					0495D9CD225A6145001CFB2A = {
						CreatedOnToolsVersion = 10.1;
						TestTargetID = 0495D9B6225A6144001CFB2A;
					};
					0495D9D8225A6145001CFB2A = {
						CreatedOnToolsVersion = 10.1;
						TestTargetID = 0495D9B6225A6144001CFB2A;
					};
				};
			};
			buildConfigurationList = 0495D9B2225A6144001CFB2A /* Build configuration list for PBXProject "AppLayout" */;
			compatibilityVersion = "Xcode 9.3";
			developmentRegion = en;
			hasScannedForEncodings = 0;
			knownRegions = (
				en,
				Base,
			);
			mainGroup = 0495D9AE225A6144001CFB2A;
			productRefGroup = 0495D9B8225A6144001CFB2A /* Products */;
			projectDirPath = "";
			projectRoot = "";
			targets = (
				0495D9B6225A6144001CFB2A /* AppLayout */,
				0495D9CD225A6145001CFB2A /* AppLayoutTests */,
				0495D9D8225A6145001CFB2A /* AppLayoutUITests */,
			);
		};
/* End PBXProject section */

/* Begin PBXResourcesBuildPhase section */
		0495D9B5225A6144001CFB2A /* Resources */ = {
			isa = PBXResourcesBuildPhase;
			buildActionMask = 2147483647;
			files = (
				0495DA12225A7A79001CFB2A /* Auth.storyboard in Resources */,
				0495DA24225A8A9F001CFB2A /* Home.storyboard in Resources */,
				04173C26226B6D4900DEB979 /* History.storyboard in Resources */,
				0495D9C8225A6145001CFB2A /* LaunchScreen.storyboard in Resources */,
				0495D9C5225A6145001CFB2A /* Assets.xcassets in Resources */,
				0495DA2F225AABE6001CFB2A /* Cartoes.storyboard in Resources */,
				0495DA22225A8A2C001CFB2A /* Main.storyboard in Resources */,
			);
			runOnlyForDeploymentPostprocessing = 0;
		};
		0495D9CC225A6145001CFB2A /* Resources */ = {
			isa = PBXResourcesBuildPhase;
			buildActionMask = 2147483647;
			files = (
			);
			runOnlyForDeploymentPostprocessing = 0;
		};
		0495D9D7225A6145001CFB2A /* Resources */ = {
			isa = PBXResourcesBuildPhase;
			buildActionMask = 2147483647;
			files = (
			);
			runOnlyForDeploymentPostprocessing = 0;
		};
/* End PBXResourcesBuildPhase section */

/* Begin PBXShellScriptBuildPhase section */
		2319406326E1DFD6A7624F18 /* [CP] Check Pods Manifest.lock */ = {
			isa = PBXShellScriptBuildPhase;
			buildActionMask = 2147483647;
			files = (
			);
			inputFileListPaths = (
			);
			inputPaths = (
				"${PODS_PODFILE_DIR_PATH}/Podfile.lock",
				"${PODS_ROOT}/Manifest.lock",
			);
			name = "[CP] Check Pods Manifest.lock";
			outputFileListPaths = (
			);
			outputPaths = (
				"$(DERIVED_FILE_DIR)/Pods-AppLayout-checkManifestLockResult.txt",
			);
			runOnlyForDeploymentPostprocessing = 0;
			shellPath = /bin/sh;
			shellScript = "diff \"${PODS_PODFILE_DIR_PATH}/Podfile.lock\" \"${PODS_ROOT}/Manifest.lock\" > /dev/null\nif [ $? != 0 ] ; then\n    # print error to STDERR\n    echo \"error: The sandbox is not in sync with the Podfile.lock. Run 'pod install' or update your CocoaPods installation.\" >&2\n    exit 1\nfi\n# This output is used by Xcode 'outputs' to avoid re-running this script phase.\necho \"SUCCESS\" > \"${SCRIPT_OUTPUT_FILE_0}\"\n";
			showEnvVarsInLog = 0;
		};
		50E1C2CE3E2104ED392DF1DD /* [CP] Embed Pods Frameworks */ = {
			isa = PBXShellScriptBuildPhase;
			buildActionMask = 2147483647;
			files = (
			);
			inputFileListPaths = (
			);
			inputPaths = (
				"${SRCROOT}/Pods/Target Support Files/Pods-AppLayout/Pods-AppLayout-frameworks.sh",
				"${BUILT_PRODUCTS_DIR}/RxCocoa/RxCocoa.framework",
				"${BUILT_PRODUCTS_DIR}/RxSwift/RxSwift.framework",
				"${BUILT_PRODUCTS_DIR}/ScalingCarousel/ScalingCarousel.framework",
				"${BUILT_PRODUCTS_DIR}/Segmentio/Segmentio.framework",
				"${BUILT_PRODUCTS_DIR}/SkyFloatingLabelTextField/SkyFloatingLabelTextField.framework",
			);
			name = "[CP] Embed Pods Frameworks";
			outputFileListPaths = (
			);
			outputPaths = (
				"${TARGET_BUILD_DIR}/${FRAMEWORKS_FOLDER_PATH}/RxCocoa.framework",
				"${TARGET_BUILD_DIR}/${FRAMEWORKS_FOLDER_PATH}/RxSwift.framework",
				"${TARGET_BUILD_DIR}/${FRAMEWORKS_FOLDER_PATH}/ScalingCarousel.framework",
				"${TARGET_BUILD_DIR}/${FRAMEWORKS_FOLDER_PATH}/Segmentio.framework",
				"${TARGET_BUILD_DIR}/${FRAMEWORKS_FOLDER_PATH}/SkyFloatingLabelTextField.framework",
			);
			runOnlyForDeploymentPostprocessing = 0;
			shellPath = /bin/sh;
			shellScript = "\"${SRCROOT}/Pods/Target Support Files/Pods-AppLayout/Pods-AppLayout-frameworks.sh\"\n";
			showEnvVarsInLog = 0;
		};
		8AB68ADEA3DD450B6491F4AE /* [CP] Check Pods Manifest.lock */ = {
			isa = PBXShellScriptBuildPhase;
			buildActionMask = 2147483647;
			files = (
			);
			inputFileListPaths = (
			);
			inputPaths = (
				"${PODS_PODFILE_DIR_PATH}/Podfile.lock",
				"${PODS_ROOT}/Manifest.lock",
			);
			name = "[CP] Check Pods Manifest.lock";
			outputFileListPaths = (
			);
			outputPaths = (
				"$(DERIVED_FILE_DIR)/Pods-AppLayoutUITests-checkManifestLockResult.txt",
			);
			runOnlyForDeploymentPostprocessing = 0;
			shellPath = /bin/sh;
			shellScript = "diff \"${PODS_PODFILE_DIR_PATH}/Podfile.lock\" \"${PODS_ROOT}/Manifest.lock\" > /dev/null\nif [ $? != 0 ] ; then\n    # print error to STDERR\n    echo \"error: The sandbox is not in sync with the Podfile.lock. Run 'pod install' or update your CocoaPods installation.\" >&2\n    exit 1\nfi\n# This output is used by Xcode 'outputs' to avoid re-running this script phase.\necho \"SUCCESS\" > \"${SCRIPT_OUTPUT_FILE_0}\"\n";
			showEnvVarsInLog = 0;
		};
		F9450B573EA2438E3BD578BE /* [CP] Check Pods Manifest.lock */ = {
			isa = PBXShellScriptBuildPhase;
			buildActionMask = 2147483647;
			files = (
			);
			inputFileListPaths = (
			);
			inputPaths = (
				"${PODS_PODFILE_DIR_PATH}/Podfile.lock",
				"${PODS_ROOT}/Manifest.lock",
			);
			name = "[CP] Check Pods Manifest.lock";
			outputFileListPaths = (
			);
			outputPaths = (
				"$(DERIVED_FILE_DIR)/Pods-AppLayoutTests-checkManifestLockResult.txt",
			);
			runOnlyForDeploymentPostprocessing = 0;
			shellPath = /bin/sh;
			shellScript = "diff \"${PODS_PODFILE_DIR_PATH}/Podfile.lock\" \"${PODS_ROOT}/Manifest.lock\" > /dev/null\nif [ $? != 0 ] ; then\n    # print error to STDERR\n    echo \"error: The sandbox is not in sync with the Podfile.lock. Run 'pod install' or update your CocoaPods installation.\" >&2\n    exit 1\nfi\n# This output is used by Xcode 'outputs' to avoid re-running this script phase.\necho \"SUCCESS\" > \"${SCRIPT_OUTPUT_FILE_0}\"\n";
			showEnvVarsInLog = 0;
		};
/* End PBXShellScriptBuildPhase section */

/* Begin PBXSourcesBuildPhase section */
		0495D9B3225A6144001CFB2A /* Sources */ = {
			isa = PBXSourcesBuildPhase;
			buildActionMask = 2147483647;
			files = (
				0495D9FE225A7618001CFB2A /* ApplicationCoordinator.swift in Sources */,
				0495DA36225AAC89001CFB2A /* CartoesModel.swift in Sources */,
				04173C2F226CC06200DEB979 /* TabCards.swift in Sources */,
				04718CBC2261FD490094BB67 /* TabBarView.swift in Sources */,
				04173C29226BA87E00DEB979 /* SegmentioBuilder.swift in Sources */,
				0495DA2B225A8B4A001CFB2A /* HomeViewModel.swift in Sources */,
				0495DA08225A7738001CFB2A /* ViewControllerFactory.swift in Sources */,
				04718CC7226230260094BB67 /* UIColor.swift in Sources */,
				0495DA00225A7655001CFB2A /* BaseCoordinator.swift in Sources */,
				0495DA38225AAD9F001CFB2A /* CartoesCoordinator.swift in Sources */,
				0495D9F6225A7579001CFB2A /* UIStoryboard.swift in Sources */,
				0495D9F4225A753C001CFB2A /* Dynamic.swift in Sources */,
				04718CD122626AA60094BB67 /* Navigation.swift in Sources */,
				04173C2D226BA9A600DEB979 /* UIFont+ExampleFonts.swift in Sources */,
				0495DA29225A8B11001CFB2A /* HomeViewController.swift in Sources */,
				0495DA04225A76B4001CFB2A /* DeepLinkOption.swift in Sources */,
				0495DA1F225A822B001CFB2A /* ViewController+Coordinator.swift in Sources */,
				0495D9C3225A6144001CFB2A /* AppLayout.xcdatamodeld in Sources */,
				0495DA06225A770E001CFB2A /* CoordinatorFactory.swift in Sources */,
				0495DA0A225A7859001CFB2A /* LaunchInstructor.swift in Sources */,
				0495DA19225A7AE0001CFB2A /* AuthViewController.swift in Sources */,
				0495D9BB225A6144001CFB2A /* AppDelegate.swift in Sources */,
				0495DA32225AAC2B001CFB2A /* CartoesViewController.swift in Sources */,
				0495DA34225AAC7F001CFB2A /* CatoesViewModel.swift in Sources */,
				0495DA10225A793E001CFB2A /* Router.swift in Sources */,
				04173C23226A093000DEB979 /* TableViewCell.swift in Sources */,
				0495DA0E225A78C2001CFB2A /* Presentable.swift in Sources */,
				0495DA2D225A8C05001CFB2A /* HomeCoordinator.swift in Sources */,
				0495DA17225A7AD1001CFB2A /* AuthViewModel.swift in Sources */,
				0495DA0C225A7898001CFB2A /* BaseViewControllerProtocol.swift in Sources */,
				0495DA02225A768F001CFB2A /* Coordinator.swift in Sources */,
				0495DA1D225A7BDA001CFB2A /* AuthCoordinatorOutput.swift in Sources */,
				0495DA1B225A7BB1001CFB2A /* AuthCoordinator.swift in Sources */,
				0495DA15225A7AC3001CFB2A /* AuthModel.swift in Sources */,
				04173C2B226BA8F200DEB979 /* ColorPalette.swift in Sources */,
			);
			runOnlyForDeploymentPostprocessing = 0;
		};
		0495D9CA225A6145001CFB2A /* Sources */ = {
			isa = PBXSourcesBuildPhase;
			buildActionMask = 2147483647;
			files = (
				0495D9D3225A6145001CFB2A /* AppLayoutTests.swift in Sources */,
			);
			runOnlyForDeploymentPostprocessing = 0;
		};
		0495D9D5225A6145001CFB2A /* Sources */ = {
			isa = PBXSourcesBuildPhase;
			buildActionMask = 2147483647;
			files = (
				0495D9DE225A6145001CFB2A /* AppLayoutUITests.swift in Sources */,
			);
			runOnlyForDeploymentPostprocessing = 0;
		};
/* End PBXSourcesBuildPhase section */

/* Begin PBXTargetDependency section */
		0495D9D0225A6145001CFB2A /* PBXTargetDependency */ = {
			isa = PBXTargetDependency;
			target = 0495D9B6225A6144001CFB2A /* AppLayout */;
			targetProxy = 0495D9CF225A6145001CFB2A /* PBXContainerItemProxy */;
		};
		0495D9DB225A6145001CFB2A /* PBXTargetDependency */ = {
			isa = PBXTargetDependency;
			target = 0495D9B6225A6144001CFB2A /* AppLayout */;
			targetProxy = 0495D9DA225A6145001CFB2A /* PBXContainerItemProxy */;
		};
/* End PBXTargetDependency section */

/* Begin PBXVariantGroup section */
		0495D9C6225A6145001CFB2A /* LaunchScreen.storyboard */ = {
			isa = PBXVariantGroup;
			children = (
				0495D9C7225A6145001CFB2A /* Base */,
			);
			name = LaunchScreen.storyboard;
			sourceTree = "<group>";
		};
/* End PBXVariantGroup section */

/* Begin XCBuildConfiguration section */
		0495D9E0225A6145001CFB2A /* Debug */ = {
			isa = XCBuildConfiguration;
			buildSettings = {
				ALWAYS_SEARCH_USER_PATHS = NO;
				CLANG_ANALYZER_NONNULL = YES;
				CLANG_ANALYZER_NUMBER_OBJECT_CONVERSION = YES_AGGRESSIVE;
				CLANG_CXX_LANGUAGE_STANDARD = "gnu++14";
				CLANG_CXX_LIBRARY = "libc++";
				CLANG_ENABLE_MODULES = YES;
				CLANG_ENABLE_OBJC_ARC = YES;
				CLANG_ENABLE_OBJC_WEAK = YES;
				CLANG_WARN_BLOCK_CAPTURE_AUTORELEASING = YES;
				CLANG_WARN_BOOL_CONVERSION = YES;
				CLANG_WARN_COMMA = YES;
				CLANG_WARN_CONSTANT_CONVERSION = YES;
				CLANG_WARN_DEPRECATED_OBJC_IMPLEMENTATIONS = YES;
				CLANG_WARN_DIRECT_OBJC_ISA_USAGE = YES_ERROR;
				CLANG_WARN_DOCUMENTATION_COMMENTS = YES;
				CLANG_WARN_EMPTY_BODY = YES;
				CLANG_WARN_ENUM_CONVERSION = YES;
				CLANG_WARN_INFINITE_RECURSION = YES;
				CLANG_WARN_INT_CONVERSION = YES;
				CLANG_WARN_NON_LITERAL_NULL_CONVERSION = YES;
				CLANG_WARN_OBJC_IMPLICIT_RETAIN_SELF = YES;
				CLANG_WARN_OBJC_LITERAL_CONVERSION = YES;
				CLANG_WARN_OBJC_ROOT_CLASS = YES_ERROR;
				CLANG_WARN_RANGE_LOOP_ANALYSIS = YES;
				CLANG_WARN_STRICT_PROTOTYPES = YES;
				CLANG_WARN_SUSPICIOUS_MOVE = YES;
				CLANG_WARN_UNGUARDED_AVAILABILITY = YES_AGGRESSIVE;
				CLANG_WARN_UNREACHABLE_CODE = YES;
				CLANG_WARN__DUPLICATE_METHOD_MATCH = YES;
				CODE_SIGN_IDENTITY = "iPhone Developer";
				COPY_PHASE_STRIP = NO;
				DEBUG_INFORMATION_FORMAT = dwarf;
				ENABLE_STRICT_OBJC_MSGSEND = YES;
				ENABLE_TESTABILITY = YES;
				GCC_C_LANGUAGE_STANDARD = gnu11;
				GCC_DYNAMIC_NO_PIC = NO;
				GCC_NO_COMMON_BLOCKS = YES;
				GCC_OPTIMIZATION_LEVEL = 0;
				GCC_PREPROCESSOR_DEFINITIONS = (
					"DEBUG=1",
					"$(inherited)",
				);
				GCC_WARN_64_TO_32_BIT_CONVERSION = YES;
				GCC_WARN_ABOUT_RETURN_TYPE = YES_ERROR;
				GCC_WARN_UNDECLARED_SELECTOR = YES;
				GCC_WARN_UNINITIALIZED_AUTOS = YES_AGGRESSIVE;
				GCC_WARN_UNUSED_FUNCTION = YES;
				GCC_WARN_UNUSED_VARIABLE = YES;
				IPHONEOS_DEPLOYMENT_TARGET = 12.1;
				MTL_ENABLE_DEBUG_INFO = INCLUDE_SOURCE;
				MTL_FAST_MATH = YES;
				ONLY_ACTIVE_ARCH = YES;
				SDKROOT = iphoneos;
				SWIFT_ACTIVE_COMPILATION_CONDITIONS = DEBUG;
				SWIFT_OPTIMIZATION_LEVEL = "-Onone";
			};
			name = Debug;
		};
		0495D9E1225A6145001CFB2A /* Release */ = {
			isa = XCBuildConfiguration;
			buildSettings = {
				ALWAYS_SEARCH_USER_PATHS = NO;
				CLANG_ANALYZER_NONNULL = YES;
				CLANG_ANALYZER_NUMBER_OBJECT_CONVERSION = YES_AGGRESSIVE;
				CLANG_CXX_LANGUAGE_STANDARD = "gnu++14";
				CLANG_CXX_LIBRARY = "libc++";
				CLANG_ENABLE_MODULES = YES;
				CLANG_ENABLE_OBJC_ARC = YES;
				CLANG_ENABLE_OBJC_WEAK = YES;
				CLANG_WARN_BLOCK_CAPTURE_AUTORELEASING = YES;
				CLANG_WARN_BOOL_CONVERSION = YES;
				CLANG_WARN_COMMA = YES;
				CLANG_WARN_CONSTANT_CONVERSION = YES;
				CLANG_WARN_DEPRECATED_OBJC_IMPLEMENTATIONS = YES;
				CLANG_WARN_DIRECT_OBJC_ISA_USAGE = YES_ERROR;
				CLANG_WARN_DOCUMENTATION_COMMENTS = YES;
				CLANG_WARN_EMPTY_BODY = YES;
				CLANG_WARN_ENUM_CONVERSION = YES;
				CLANG_WARN_INFINITE_RECURSION = YES;
				CLANG_WARN_INT_CONVERSION = YES;
				CLANG_WARN_NON_LITERAL_NULL_CONVERSION = YES;
				CLANG_WARN_OBJC_IMPLICIT_RETAIN_SELF = YES;
				CLANG_WARN_OBJC_LITERAL_CONVERSION = YES;
				CLANG_WARN_OBJC_ROOT_CLASS = YES_ERROR;
				CLANG_WARN_RANGE_LOOP_ANALYSIS = YES;
				CLANG_WARN_STRICT_PROTOTYPES = YES;
				CLANG_WARN_SUSPICIOUS_MOVE = YES;
				CLANG_WARN_UNGUARDED_AVAILABILITY = YES_AGGRESSIVE;
				CLANG_WARN_UNREACHABLE_CODE = YES;
				CLANG_WARN__DUPLICATE_METHOD_MATCH = YES;
				CODE_SIGN_IDENTITY = "iPhone Developer";
				COPY_PHASE_STRIP = NO;
				DEBUG_INFORMATION_FORMAT = "dwarf-with-dsym";
				ENABLE_NS_ASSERTIONS = NO;
				ENABLE_STRICT_OBJC_MSGSEND = YES;
				GCC_C_LANGUAGE_STANDARD = gnu11;
				GCC_NO_COMMON_BLOCKS = YES;
				GCC_WARN_64_TO_32_BIT_CONVERSION = YES;
				GCC_WARN_ABOUT_RETURN_TYPE = YES_ERROR;
				GCC_WARN_UNDECLARED_SELECTOR = YES;
				GCC_WARN_UNINITIALIZED_AUTOS = YES_AGGRESSIVE;
				GCC_WARN_UNUSED_FUNCTION = YES;
				GCC_WARN_UNUSED_VARIABLE = YES;
				IPHONEOS_DEPLOYMENT_TARGET = 12.1;
				MTL_ENABLE_DEBUG_INFO = NO;
				MTL_FAST_MATH = YES;
				SDKROOT = iphoneos;
				SWIFT_COMPILATION_MODE = wholemodule;
				SWIFT_OPTIMIZATION_LEVEL = "-O";
				VALIDATE_PRODUCT = YES;
			};
			name = Release;
		};
		0495D9E3225A6145001CFB2A /* Debug */ = {
			isa = XCBuildConfiguration;
			baseConfigurationReference = 76A7DE5C0AF19006DE8CFF6F /* Pods-AppLayout.debug.xcconfig */;
			buildSettings = {
				ASSETCATALOG_COMPILER_APPICON_NAME = AppIcon;
				CODE_SIGN_STYLE = Automatic;
				DEVELOPMENT_TEAM = TMBBB4Z65G;
				INFOPLIST_FILE = AppLayout/Info.plist;
				LD_RUNPATH_SEARCH_PATHS = (
					"$(inherited)",
					"@executable_path/Frameworks",
				);
				PRODUCT_BUNDLE_IDENTIFIER = com.wesleysfavarin.bankLayout.AppLayout;
				PRODUCT_NAME = "$(TARGET_NAME)";
				SWIFT_VERSION = 4.2;
				TARGETED_DEVICE_FAMILY = "1,2";
			};
			name = Debug;
		};
		0495D9E4225A6145001CFB2A /* Release */ = {
			isa = XCBuildConfiguration;
			baseConfigurationReference = 2FD16D21DE07A5613EB6E255 /* Pods-AppLayout.release.xcconfig */;
			buildSettings = {
				ASSETCATALOG_COMPILER_APPICON_NAME = AppIcon;
				CODE_SIGN_STYLE = Automatic;
				DEVELOPMENT_TEAM = TMBBB4Z65G;
				INFOPLIST_FILE = AppLayout/Info.plist;
				LD_RUNPATH_SEARCH_PATHS = (
					"$(inherited)",
					"@executable_path/Frameworks",
				);
				PRODUCT_BUNDLE_IDENTIFIER = com.wesleysfavarin.bankLayout.AppLayout;
				PRODUCT_NAME = "$(TARGET_NAME)";
				SWIFT_VERSION = 4.2;
				TARGETED_DEVICE_FAMILY = "1,2";
			};
			name = Release;
		};
		0495D9E6225A6145001CFB2A /* Debug */ = {
			isa = XCBuildConfiguration;
			baseConfigurationReference = BE546A427CED7A1BB8A4DE0B /* Pods-AppLayoutTests.debug.xcconfig */;
			buildSettings = {
				ALWAYS_EMBED_SWIFT_STANDARD_LIBRARIES = YES;
				BUNDLE_LOADER = "$(TEST_HOST)";
				CODE_SIGN_STYLE = Automatic;
				DEVELOPMENT_TEAM = TMBBB4Z65G;
				INFOPLIST_FILE = AppLayoutTests/Info.plist;
				LD_RUNPATH_SEARCH_PATHS = (
					"$(inherited)",
					"@executable_path/Frameworks",
					"@loader_path/Frameworks",
				);
				PRODUCT_BUNDLE_IDENTIFIER = com.wesleysfavarin.bankLayout.AppLayoutTests;
				PRODUCT_NAME = "$(TARGET_NAME)";
				SWIFT_VERSION = 4.2;
				TARGETED_DEVICE_FAMILY = "1,2";
				TEST_HOST = "$(BUILT_PRODUCTS_DIR)/AppLayout.app/AppLayout";
			};
			name = Debug;
		};
		0495D9E7225A6145001CFB2A /* Release */ = {
			isa = XCBuildConfiguration;
			baseConfigurationReference = F960D1A8943A448078EF6A75 /* Pods-AppLayoutTests.release.xcconfig */;
			buildSettings = {
				ALWAYS_EMBED_SWIFT_STANDARD_LIBRARIES = YES;
				BUNDLE_LOADER = "$(TEST_HOST)";
				CODE_SIGN_STYLE = Automatic;
				DEVELOPMENT_TEAM = TMBBB4Z65G;
				INFOPLIST_FILE = AppLayoutTests/Info.plist;
				LD_RUNPATH_SEARCH_PATHS = (
					"$(inherited)",
					"@executable_path/Frameworks",
					"@loader_path/Frameworks",
				);
				PRODUCT_BUNDLE_IDENTIFIER = com.wesleysfavarin.bankLayout.AppLayoutTests;
				PRODUCT_NAME = "$(TARGET_NAME)";
				SWIFT_VERSION = 4.2;
				TARGETED_DEVICE_FAMILY = "1,2";
				TEST_HOST = "$(BUILT_PRODUCTS_DIR)/AppLayout.app/AppLayout";
			};
			name = Release;
		};
		0495D9E9225A6145001CFB2A /* Debug */ = {
			isa = XCBuildConfiguration;
			baseConfigurationReference = CDDF8F0027B0A4E4CCA7C6BE /* Pods-AppLayoutUITests.debug.xcconfig */;
			buildSettings = {
				ALWAYS_EMBED_SWIFT_STANDARD_LIBRARIES = YES;
				CODE_SIGN_STYLE = Automatic;
				DEVELOPMENT_TEAM = TMBBB4Z65G;
				INFOPLIST_FILE = AppLayoutUITests/Info.plist;
				LD_RUNPATH_SEARCH_PATHS = (
					"$(inherited)",
					"@executable_path/Frameworks",
					"@loader_path/Frameworks",
				);
				PRODUCT_BUNDLE_IDENTIFIER = com.wesleysfavarin.bankLayout.AppLayoutUITests;
				PRODUCT_NAME = "$(TARGET_NAME)";
				SWIFT_VERSION = 4.2;
				TARGETED_DEVICE_FAMILY = "1,2";
				TEST_TARGET_NAME = AppLayout;
			};
			name = Debug;
		};
		0495D9EA225A6145001CFB2A /* Release */ = {
			isa = XCBuildConfiguration;
			baseConfigurationReference = 07F8B8BF924E9D3220ABAEAE /* Pods-AppLayoutUITests.release.xcconfig */;
			buildSettings = {
				ALWAYS_EMBED_SWIFT_STANDARD_LIBRARIES = YES;
				CODE_SIGN_STYLE = Automatic;
				DEVELOPMENT_TEAM = TMBBB4Z65G;
				INFOPLIST_FILE = AppLayoutUITests/Info.plist;
				LD_RUNPATH_SEARCH_PATHS = (
					"$(inherited)",
					"@executable_path/Frameworks",
					"@loader_path/Frameworks",
				);
				PRODUCT_BUNDLE_IDENTIFIER = com.wesleysfavarin.bankLayout.AppLayoutUITests;
				PRODUCT_NAME = "$(TARGET_NAME)";
				SWIFT_VERSION = 4.2;
				TARGETED_DEVICE_FAMILY = "1,2";
				TEST_TARGET_NAME = AppLayout;
			};
			name = Release;
		};
/* End XCBuildConfiguration section */

/* Begin XCConfigurationList section */
		0495D9B2225A6144001CFB2A /* Build configuration list for PBXProject "AppLayout" */ = {
			isa = XCConfigurationList;
			buildConfigurations = (
				0495D9E0225A6145001CFB2A /* Debug */,
				0495D9E1225A6145001CFB2A /* Release */,
			);
			defaultConfigurationIsVisible = 0;
			defaultConfigurationName = Release;
		};
		0495D9E2225A6145001CFB2A /* Build configuration list for PBXNativeTarget "AppLayout" */ = {
			isa = XCConfigurationList;
			buildConfigurations = (
				0495D9E3225A6145001CFB2A /* Debug */,
				0495D9E4225A6145001CFB2A /* Release */,
			);
			defaultConfigurationIsVisible = 0;
			defaultConfigurationName = Release;
		};
		0495D9E5225A6145001CFB2A /* Build configuration list for PBXNativeTarget "AppLayoutTests" */ = {
			isa = XCConfigurationList;
			buildConfigurations = (
				0495D9E6225A6145001CFB2A /* Debug */,
				0495D9E7225A6145001CFB2A /* Release */,
			);
			defaultConfigurationIsVisible = 0;
			defaultConfigurationName = Release;
		};
		0495D9E8225A6145001CFB2A /* Build configuration list for PBXNativeTarget "AppLayoutUITests" */ = {
			isa = XCConfigurationList;
			buildConfigurations = (
				0495D9E9225A6145001CFB2A /* Debug */,
				0495D9EA225A6145001CFB2A /* Release */,
			);
			defaultConfigurationIsVisible = 0;
			defaultConfigurationName = Release;
		};
/* End XCConfigurationList section */

/* Begin XCVersionGroup section */
		0495D9C1225A6144001CFB2A /* AppLayout.xcdatamodeld */ = {
			isa = XCVersionGroup;
			children = (
				0495D9C2225A6144001CFB2A /* AppLayout.xcdatamodel */,
			);
			currentVersion = 0495D9C2225A6144001CFB2A /* AppLayout.xcdatamodel */;
			path = AppLayout.xcdatamodeld;
			sourceTree = "<group>";
			versionGroupType = wrapper.xcdatamodel;
		};
/* End XCVersionGroup section */
	};
	rootObject = 0495D9AF225A6144001CFB2A /* Project object */;
}
